
Microsoft Visual Studio Solution File, Format Version 12.00
# Visual Studio Version 17
VisualStudioVersion = 17.14.36121.58 d17.14
MinimumVisualStudioVersion = 10.0.40219.1
Project("{FAE04EC0-301F-11D3-BF4B-00C04F79EFBC}") = "CustomoerOrderLib", "CustomoerOrderLib\CustomoerOrderLib.csproj", "{C1B91869-65B2-4BA7-8C3F-0A38BD7E6C5B}"
EndProject
Project("{FAE04EC0-301F-11D3-BF4B-00C04F79EFBC}") = "CustomerConsoleClient", "CustomerConsoleClient\CustomerConsoleClient.csproj", "{F9FD5840-0485-4AB8-886D-7055F5D5F44A}"
EndProject
Global
	GlobalSection(SolutionConfigurationPlatforms) = preSolution
		Debug|Any CPU = Debug|Any CPU
		Release|Any CPU = Release|Any CPU
	EndGlobalSection
	GlobalSection(ProjectConfigurationPlatforms) = postSolution
		{C1B91869-65B2-4BA7-8C3F-0A38BD7E6C5B}.Debug|Any CPU.ActiveCfg = Debug|Any CPU
		{C1B91869-65B2-4BA7-8C3F-0A38BD7E6C5B}.Debug|Any CPU.Build.0 = Debug|Any CPU
		{C1B91869-65B2-4BA7-8C3F-0A38BD7E6C5B}.Release|Any CPU.ActiveCfg = Release|Any CPU
		{C1B91869-65B2-4BA7-8C3F-0A38BD7E6C5B}.Release|Any CPU.Build.0 = Release|Any CPU
		{F9FD5840-0485-4AB8-886D-7055F5D5F44A}.Debug|Any CPU.ActiveCfg = Debug|Any CPU
		{F9FD5840-0485-4AB8-886D-7055F5D5F44A}.Debug|Any CPU.Build.0 = Debug|Any CPU
		{F9FD5840-0485-4AB8-886D-7055F5D5F44A}.Release|Any CPU.ActiveCfg = Release|Any CPU
		{F9FD5840-0485-4AB8-886D-7055F5D5F44A}.Release|Any CPU.Build.0 = Release|Any CPU
	EndGlobalSection
	GlobalSection(SolutionProperties) = preSolution
		HideSolutionNode = FALSE
	EndGlobalSection
	GlobalSection(ExtensibilityGlobals) = postSolution
		SolutionGuid = {A77B80E2-4823-4990-A655-279E2AB556E3}
	EndGlobalSection
EndGlobal
